
Microsoft Visual Studio Solution File, Format Version 12.00
# Visual Studio Version 16
VisualStudioVersion = 16.0.29123.88
MinimumVisualStudioVersion = 10.0.40219.1
Project("{FAE04EC0-301F-11D3-BF4B-00C04F79EFBC}") = "PruebaAPI", "PruebaAPI\PruebaAPI.csproj", "{5A4A116A-53AD-4AA8-854C-CBC8D110A22C}"
EndProject
Project("{2150E333-8FDC-42A3-9474-1A3956D46DE8}") = "Solution Items", "Solution Items", "{09BF995F-1C6F-4A44-B1F9-65AF2795DE82}"
	ProjectSection(SolutionItems) = preProject
		Readme.md = Readme.md
	EndProjectSection
EndProject
Global
	GlobalSection(SolutionConfigurationPlatforms) = preSolution
		Debug|Any CPU = Debug|Any CPU
		Release|Any CPU = Release|Any CPU
	EndGlobalSection
	GlobalSection(ProjectConfigurationPlatforms) = postSolution
		{5A4A116A-53AD-4AA8-854C-CBC8D110A22C}.Debug|Any CPU.ActiveCfg = Debug|Any CPU
		{5A4A116A-53AD-4AA8-854C-CBC8D110A22C}.Debug|Any CPU.Build.0 = Debug|Any CPU
		{5A4A116A-53AD-4AA8-854C-CBC8D110A22C}.Release|Any CPU.ActiveCfg = Release|Any CPU
		{5A4A116A-53AD-4AA8-854C-CBC8D110A22C}.Release|Any CPU.Build.0 = Release|Any CPU
	EndGlobalSection
	GlobalSection(SolutionProperties) = preSolution
		HideSolutionNode = FALSE
	EndGlobalSection
	GlobalSection(ExtensibilityGlobals) = postSolution
		SolutionGuid = {D64DD002-83CD-4777-9799-4B697890F4A6}
	EndGlobalSection
EndGlobal
